
Microsoft Visual Studio Solution File, Format Version 12.00
# Visual Studio 2013
VisualStudioVersion = 12.0.30501.0
MinimumVisualStudioVersion = 10.0.40219.1
Project("{FAE04EC0-301F-11D3-BF4B-00C04F79EFBC}") = "Exe1", "HeadHanter\Exe1.csproj", "{EEEAD23C-4FE6-409A-B1C6-974C55B6E661}"
EndProject
Project("{FAE04EC0-301F-11D3-BF4B-00C04F79EFBC}") = "Exe2", "Exe2\Exe2.csproj", "{5B33D339-0969-4EF7-BACE-D8DFCCD32E8A}"
EndProject
Project("{FAE04EC0-301F-11D3-BF4B-00C04F79EFBC}") = "Exe3", "Exe3\Exe3.csproj", "{9FB9BC39-6D25-4FCA-ABDB-6A3D37731B93}"
EndProject
Project("{FAE04EC0-301F-11D3-BF4B-00C04F79EFBC}") = "Exe4", "Exe4\Exe4.csproj", "{8847707A-2363-4426-9000-4AD366A2CF6E}"
EndProject
Project("{FAE04EC0-301F-11D3-BF4B-00C04F79EFBC}") = "Exe5", "Exe5\Exe5.csproj", "{B4060700-D4F8-4865-97B5-77E8611BBEEE}"
EndProject
Global
	GlobalSection(SolutionConfigurationPlatforms) = preSolution
		Debug|Any CPU = Debug|Any CPU
		Release|Any CPU = Release|Any CPU
	EndGlobalSection
	GlobalSection(ProjectConfigurationPlatforms) = postSolution
		{EEEAD23C-4FE6-409A-B1C6-974C55B6E661}.Debug|Any CPU.ActiveCfg = Debug|Any CPU
		{EEEAD23C-4FE6-409A-B1C6-974C55B6E661}.Debug|Any CPU.Build.0 = Debug|Any CPU
		{EEEAD23C-4FE6-409A-B1C6-974C55B6E661}.Release|Any CPU.ActiveCfg = Release|Any CPU
		{EEEAD23C-4FE6-409A-B1C6-974C55B6E661}.Release|Any CPU.Build.0 = Release|Any CPU
		{5B33D339-0969-4EF7-BACE-D8DFCCD32E8A}.Debug|Any CPU.ActiveCfg = Debug|Any CPU
		{5B33D339-0969-4EF7-BACE-D8DFCCD32E8A}.Debug|Any CPU.Build.0 = Debug|Any CPU
		{5B33D339-0969-4EF7-BACE-D8DFCCD32E8A}.Release|Any CPU.ActiveCfg = Release|Any CPU
		{5B33D339-0969-4EF7-BACE-D8DFCCD32E8A}.Release|Any CPU.Build.0 = Release|Any CPU
		{9FB9BC39-6D25-4FCA-ABDB-6A3D37731B93}.Debug|Any CPU.ActiveCfg = Debug|Any CPU
		{9FB9BC39-6D25-4FCA-ABDB-6A3D37731B93}.Debug|Any CPU.Build.0 = Debug|Any CPU
		{9FB9BC39-6D25-4FCA-ABDB-6A3D37731B93}.Release|Any CPU.ActiveCfg = Release|Any CPU
		{9FB9BC39-6D25-4FCA-ABDB-6A3D37731B93}.Release|Any CPU.Build.0 = Release|Any CPU
		{8847707A-2363-4426-9000-4AD366A2CF6E}.Debug|Any CPU.ActiveCfg = Debug|Any CPU
		{8847707A-2363-4426-9000-4AD366A2CF6E}.Debug|Any CPU.Build.0 = Debug|Any CPU
		{8847707A-2363-4426-9000-4AD366A2CF6E}.Release|Any CPU.ActiveCfg = Release|Any CPU
		{8847707A-2363-4426-9000-4AD366A2CF6E}.Release|Any CPU.Build.0 = Release|Any CPU
		{B4060700-D4F8-4865-97B5-77E8611BBEEE}.Debug|Any CPU.ActiveCfg = Debug|Any CPU
		{B4060700-D4F8-4865-97B5-77E8611BBEEE}.Debug|Any CPU.Build.0 = Debug|Any CPU
		{B4060700-D4F8-4865-97B5-77E8611BBEEE}.Release|Any CPU.ActiveCfg = Release|Any CPU
		{B4060700-D4F8-4865-97B5-77E8611BBEEE}.Release|Any CPU.Build.0 = Release|Any CPU
	EndGlobalSection
	GlobalSection(SolutionProperties) = preSolution
		HideSolutionNode = FALSE
	EndGlobalSection
EndGlobal
